PODS:
  - Alamofire (5.4.3)
  - Cuckoo (0.11.3)
  - ReactiveCocoa (10.3.0):
    - ReactiveSwift (~> 6.2)
  - ReactiveSwift (6.6.1)
  - SnapKit (5.0.1)

DEPENDENCIES:
  - Alamofire (~> 5.4)
  - Cuckoo (= 0.11.3)
  - ReactiveCocoa (~> 10.1)
  - SnapKit (~> 5.0.0)

SPEC REPOS:
  https://github.com/CocoaPods/Specs.git:
    - Alamofire
    - Cuckoo
    - ReactiveCocoa
    - ReactiveSwift
    - SnapKit

SPEC CHECKSUMS:
  Alamofire: e447a2774a40c996748296fa2c55112fdbbc42f9
  Cuckoo: 97522dd7ac6f18adba6022bdc74aa69e82ca691a
  ReactiveCocoa: 083ae559e6f588ce519cab412ea119b431c26a24
  ReactiveSwift: fab34244ad908808dc822bae352a058c8837c4ca
  SnapKit: 97b92857e3df3a0c71833cce143274bf6ef8e5eb

PODFILE CHECKSUM: 64c4cdd683a907b259f70ac5c0d59a5369002b7b

COCOAPODS: 1.10.1
