// !$*UTF8*$!
{
	archiveVersion = 1;
	classes = {
	};
	objectVersion = 51;
	objects = {

/* Begin PBXBuildFile section */
		0667C7BC31B81C0527283012 /* Pods_bookingTests.framework in Frameworks */ = {isa = PBXBuildFile; fileRef = B17EF0DCC01CC7CDD3F96314 /* Pods_bookingTests.framework */; };
		990B40F17A4CA2C0D4D39ACE /* Pods_booking.framework in Frameworks */ = {isa = PBXBuildFile; fileRef = 35034508BE7CDFFBC3691252 /* Pods_booking.framework */; };
		FF65324A26E310CA00D7D060 /* AppDelegate.swift in Sources */ = {isa = PBXBuildFile; fileRef = FF65324926E310CA00D7D060 /* AppDelegate.swift */; };
		FF65324C26E310CA00D7D060 /* SceneDelegate.swift in Sources */ = {isa = PBXBuildFile; fileRef = FF65324B26E310CA00D7D060 /* SceneDelegate.swift */; };
		FF65324E26E310CA00D7D060 /* ViewController.swift in Sources */ = {isa = PBXBuildFile; fileRef = FF65324D26E310CA00D7D060 /* ViewController.swift */; };
		FF65325126E310CA00D7D060 /* Main.storyboard in Resources */ = {isa = PBXBuildFile; fileRef = FF65324F26E310CA00D7D060 /* Main.storyboard */; };
		FF65325326E310CB00D7D060 /* Assets.xcassets in Resources */ = {isa = PBXBuildFile; fileRef = FF65325226E310CB00D7D060 /* Assets.xcassets */; };
		FF65325626E310CB00D7D060 /* LaunchScreen.storyboard in Resources */ = {isa = PBXBuildFile; fileRef = FF65325426E310CB00D7D060 /* LaunchScreen.storyboard */; };
		FF65326126E310CB00D7D060 /* bookingTests.swift in Sources */ = {isa = PBXBuildFile; fileRef = FF65326026E310CB00D7D060 /* bookingTests.swift */; };
		FF65326C26E310CB00D7D060 /* bookingUITests.swift in Sources */ = {isa = PBXBuildFile; fileRef = FF65326B26E310CB00D7D060 /* bookingUITests.swift */; };
		FF65327D26E314A600D7D060 /* SelectSeatPresenter.swift in Sources */ = {isa = PBXBuildFile; fileRef = FF65327C26E314A600D7D060 /* SelectSeatPresenter.swift */; };
		FF65327F26E314B900D7D060 /* SelectSeatViewController.swift in Sources */ = {isa = PBXBuildFile; fileRef = FF65327E26E314B900D7D060 /* SelectSeatViewController.swift */; };
		FF65328126E314C700D7D060 /* SelectSeatInteractor.swift in Sources */ = {isa = PBXBuildFile; fileRef = FF65328026E314C700D7D060 /* SelectSeatInteractor.swift */; };
		FF65328326E314EB00D7D060 /* SelectSeatProtocol.swift in Sources */ = {isa = PBXBuildFile; fileRef = FF65328226E314EB00D7D060 /* SelectSeatProtocol.swift */; };
		FF65328526E316A600D7D060 /* SeatModel.swift in Sources */ = {isa = PBXBuildFile; fileRef = FF65328426E316A600D7D060 /* SeatModel.swift */; };
		FF65328726E31DCD00D7D060 /* Extension.swift in Sources */ = {isa = PBXBuildFile; fileRef = FF65328626E31DCD00D7D060 /* Extension.swift */; };
		FF65328A26E31FDE00D7D060 /* BookingManager.swift in Sources */ = {isa = PBXBuildFile; fileRef = FF65328926E31FDE00D7D060 /* BookingManager.swift */; };
		FF65328C26E3204400D7D060 /* APIClient.swift in Sources */ = {isa = PBXBuildFile; fileRef = FF65328B26E3204400D7D060 /* APIClient.swift */; };
		FF65329026E324E900D7D060 /* TheaterModel.swift in Sources */ = {isa = PBXBuildFile; fileRef = FF65328F26E324E900D7D060 /* TheaterModel.swift */; };
		FF65329326E356FF00D7D060 /* SelectSeatBuilder.swift in Sources */ = {isa = PBXBuildFile; fileRef = FF65329226E356FF00D7D060 /* SelectSeatBuilder.swift */; };
		FF65329626E35BC900D7D060 /* SeatView.swift in Sources */ = {isa = PBXBuildFile; fileRef = FF65329526E35BC900D7D060 /* SeatView.swift */; };
/* End PBXBuildFile section */

/* Begin PBXContainerItemProxy section */
		FF65325D26E310CB00D7D060 /* PBXContainerItemProxy */ = {
			isa = PBXContainerItemProxy;
			containerPortal = FF65323E26E310CA00D7D060 /* Project object */;
			proxyType = 1;
			remoteGlobalIDString = FF65324526E310CA00D7D060;
			remoteInfo = booking;
		};
		FF65326826E310CB00D7D060 /* PBXContainerItemProxy */ = {
			isa = PBXContainerItemProxy;
			containerPortal = FF65323E26E310CA00D7D060 /* Project object */;
			proxyType = 1;
			remoteGlobalIDString = FF65324526E310CA00D7D060;
			remoteInfo = booking;
		};
/* End PBXContainerItemProxy section */

/* Begin PBXFileReference section */
		0EF88A8BFB5086D9769262E4 /* Pods-booking.debug.xcconfig */ = {isa = PBXFileReference; includeInIndex = 1; lastKnownFileType = text.xcconfig; name = "Pods-booking.debug.xcconfig"; path = "Target Support Files/Pods-booking/Pods-booking.debug.xcconfig"; sourceTree = "<group>"; };
		2D530027314FD8DC66CB174C /* Pods-bookingTests.release.xcconfig */ = {isa = PBXFileReference; includeInIndex = 1; lastKnownFileType = text.xcconfig; name = "Pods-bookingTests.release.xcconfig"; path = "Target Support Files/Pods-bookingTests/Pods-bookingTests.release.xcconfig"; sourceTree = "<group>"; };
		35034508BE7CDFFBC3691252 /* Pods_booking.framework */ = {isa = PBXFileReference; explicitFileType = wrapper.framework; includeInIndex = 0; path = Pods_booking.framework; sourceTree = BUILT_PRODUCTS_DIR; };
		A589CE9353C919B70C252AD6 /* Pods-bookingTests.debug.xcconfig */ = {isa = PBXFileReference; includeInIndex = 1; lastKnownFileType = text.xcconfig; name = "Pods-bookingTests.debug.xcconfig"; path = "Target Support Files/Pods-bookingTests/Pods-bookingTests.debug.xcconfig"; sourceTree = "<group>"; };
		B17EF0DCC01CC7CDD3F96314 /* Pods_bookingTests.framework */ = {isa = PBXFileReference; explicitFileType = wrapper.framework; includeInIndex = 0; path = Pods_bookingTests.framework; sourceTree = BUILT_PRODUCTS_DIR; };
		C8873BC7FCE90A1B6FF0C37B /* Pods-booking.release.xcconfig */ = {isa = PBXFileReference; includeInIndex = 1; lastKnownFileType = text.xcconfig; name = "Pods-booking.release.xcconfig"; path = "Target Support Files/Pods-booking/Pods-booking.release.xcconfig"; sourceTree = "<group>"; };
		FF65324626E310CA00D7D060 /* booking.app */ = {isa = PBXFileReference; explicitFileType = wrapper.application; includeInIndex = 0; path = booking.app; sourceTree = BUILT_PRODUCTS_DIR; };
		FF65324926E310CA00D7D060 /* AppDelegate.swift */ = {isa = PBXFileReference; lastKnownFileType = sourcecode.swift; path = AppDelegate.swift; sourceTree = "<group>"; };
		FF65324B26E310CA00D7D060 /* SceneDelegate.swift */ = {isa = PBXFileReference; lastKnownFileType = sourcecode.swift; path = SceneDelegate.swift; sourceTree = "<group>"; };
		FF65324D26E310CA00D7D060 /* ViewController.swift */ = {isa = PBXFileReference; lastKnownFileType = sourcecode.swift; path = ViewController.swift; sourceTree = "<group>"; };
		FF65325026E310CA00D7D060 /* Base */ = {isa = PBXFileReference; lastKnownFileType = file.storyboard; name = Base; path = Base.lproj/Main.storyboard; sourceTree = "<group>"; };
		FF65325226E310CB00D7D060 /* Assets.xcassets */ = {isa = PBXFileReference; lastKnownFileType = folder.assetcatalog; path = Assets.xcassets; sourceTree = "<group>"; };
		FF65325526E310CB00D7D060 /* Base */ = {isa = PBXFileReference; lastKnownFileType = file.storyboard; name = Base; path = Base.lproj/LaunchScreen.storyboard; sourceTree = "<group>"; };
		FF65325726E310CB00D7D060 /* Info.plist */ = {isa = PBXFileReference; lastKnownFileType = text.plist.xml; path = Info.plist; sourceTree = "<group>"; };
		FF65325C26E310CB00D7D060 /* bookingTests.xctest */ = {isa = PBXFileReference; explicitFileType = wrapper.cfbundle; includeInIndex = 0; path = bookingTests.xctest; sourceTree = BUILT_PRODUCTS_DIR; };
		FF65326026E310CB00D7D060 /* bookingTests.swift */ = {isa = PBXFileReference; lastKnownFileType = sourcecode.swift; path = bookingTests.swift; sourceTree = "<group>"; };
		FF65326226E310CB00D7D060 /* Info.plist */ = {isa = PBXFileReference; lastKnownFileType = text.plist.xml; path = Info.plist; sourceTree = "<group>"; };
		FF65326726E310CB00D7D060 /* bookingUITests.xctest */ = {isa = PBXFileReference; explicitFileType = wrapper.cfbundle; includeInIndex = 0; path = bookingUITests.xctest; sourceTree = BUILT_PRODUCTS_DIR; };
		FF65326B26E310CB00D7D060 /* bookingUITests.swift */ = {isa = PBXFileReference; lastKnownFileType = sourcecode.swift; path = bookingUITests.swift; sourceTree = "<group>"; };
		FF65326D26E310CB00D7D060 /* Info.plist */ = {isa = PBXFileReference; lastKnownFileType = text.plist.xml; path = Info.plist; sourceTree = "<group>"; };
		FF65327C26E314A600D7D060 /* SelectSeatPresenter.swift */ = {isa = PBXFileReference; lastKnownFileType = sourcecode.swift; path = SelectSeatPresenter.swift; sourceTree = "<group>"; };
		FF65327E26E314B900D7D060 /* SelectSeatViewController.swift */ = {isa = PBXFileReference; lastKnownFileType = sourcecode.swift; path = SelectSeatViewController.swift; sourceTree = "<group>"; };
		FF65328026E314C700D7D060 /* SelectSeatInteractor.swift */ = {isa = PBXFileReference; lastKnownFileType = sourcecode.swift; path = SelectSeatInteractor.swift; sourceTree = "<group>"; };
		FF65328226E314EB00D7D060 /* SelectSeatProtocol.swift */ = {isa = PBXFileReference; lastKnownFileType = sourcecode.swift; path = SelectSeatProtocol.swift; sourceTree = "<group>"; };
		FF65328426E316A600D7D060 /* SeatModel.swift */ = {isa = PBXFileReference; lastKnownFileType = sourcecode.swift; path = SeatModel.swift; sourceTree = "<group>"; };
		FF65328626E31DCD00D7D060 /* Extension.swift */ = {isa = PBXFileReference; lastKnownFileType = sourcecode.swift; path = Extension.swift; sourceTree = "<group>"; };
		FF65328926E31FDE00D7D060 /* BookingManager.swift */ = {isa = PBXFileReference; lastKnownFileType = sourcecode.swift; path = BookingManager.swift; sourceTree = "<group>"; };
		FF65328B26E3204400D7D060 /* APIClient.swift */ = {isa = PBXFileReference; lastKnownFileType = sourcecode.swift; path = APIClient.swift; sourceTree = "<group>"; };
		FF65328F26E324E900D7D060 /* TheaterModel.swift */ = {isa = PBXFileReference; lastKnownFileType = sourcecode.swift; path = TheaterModel.swift; sourceTree = "<group>"; };
		FF65329226E356FF00D7D060 /* SelectSeatBuilder.swift */ = {isa = PBXFileReference; lastKnownFileType = sourcecode.swift; path = SelectSeatBuilder.swift; sourceTree = "<group>"; };
		FF65329526E35BC900D7D060 /* SeatView.swift */ = {isa = PBXFileReference; lastKnownFileType = sourcecode.swift; path = SeatView.swift; sourceTree = "<group>"; };
/* End PBXFileReference section */

/* Begin PBXFrameworksBuildPhase section */
		FF65324326E310CA00D7D060 /* Frameworks */ = {
			isa = PBXFrameworksBuildPhase;
			buildActionMask = 2147483647;
			files = (
				990B40F17A4CA2C0D4D39ACE /* Pods_booking.framework in Frameworks */,
			);
			runOnlyForDeploymentPostprocessing = 0;
		};
		FF65325926E310CB00D7D060 /* Frameworks */ = {
			isa = PBXFrameworksBuildPhase;
			buildActionMask = 2147483647;
			files = (
				0667C7BC31B81C0527283012 /* Pods_bookingTests.framework in Frameworks */,
			);
			runOnlyForDeploymentPostprocessing = 0;
		};
		FF65326426E310CB00D7D060 /* Frameworks */ = {
			isa = PBXFrameworksBuildPhase;
			buildActionMask = 2147483647;
			files = (
			);
			runOnlyForDeploymentPostprocessing = 0;
		};
/* End PBXFrameworksBuildPhase section */

/* Begin PBXGroup section */
		36961B2C26FFC69E5B968984 /* Frameworks */ = {
			isa = PBXGroup;
			children = (
				35034508BE7CDFFBC3691252 /* Pods_booking.framework */,
				B17EF0DCC01CC7CDD3F96314 /* Pods_bookingTests.framework */,
			);
			name = Frameworks;
			sourceTree = "<group>";
		};
		82988C8A133DB4BCC89432AC /* Pods */ = {
			isa = PBXGroup;
			children = (
				0EF88A8BFB5086D9769262E4 /* Pods-booking.debug.xcconfig */,
				C8873BC7FCE90A1B6FF0C37B /* Pods-booking.release.xcconfig */,
				A589CE9353C919B70C252AD6 /* Pods-bookingTests.debug.xcconfig */,
				2D530027314FD8DC66CB174C /* Pods-bookingTests.release.xcconfig */,
			);
			path = Pods;
			sourceTree = "<group>";
		};
		FF65323D26E310CA00D7D060 = {
			isa = PBXGroup;
			children = (
				FF65324826E310CA00D7D060 /* booking */,
				FF65325F26E310CB00D7D060 /* bookingTests */,
				FF65326A26E310CB00D7D060 /* bookingUITests */,
				FF65324726E310CA00D7D060 /* Products */,
				82988C8A133DB4BCC89432AC /* Pods */,
				36961B2C26FFC69E5B968984 /* Frameworks */,
			);
			sourceTree = "<group>";
		};
		FF65324726E310CA00D7D060 /* Products */ = {
			isa = PBXGroup;
			children = (
				FF65324626E310CA00D7D060 /* booking.app */,
				FF65325C26E310CB00D7D060 /* bookingTests.xctest */,
				FF65326726E310CB00D7D060 /* bookingUITests.xctest */,
			);
			name = Products;
			sourceTree = "<group>";
		};
		FF65324826E310CA00D7D060 /* booking */ = {
			isa = PBXGroup;
			children = (
				FF65329426E35BB700D7D060 /* component */,
				FF65329126E356E200D7D060 /* builder */,
				FF65328E26E324C100D7D060 /* protocol */,
				FF65328D26E324B200D7D060 /* model */,
				FF65328826E31FC900D7D060 /* manager */,
				FF65327B26E3143600D7D060 /* interactor */,
				FF65327A26E3142800D7D060 /* view */,
				FF65327926E3141A00D7D060 /* presenter */,
				FF65324926E310CA00D7D060 /* AppDelegate.swift */,
				FF65324B26E310CA00D7D060 /* SceneDelegate.swift */,
				FF65324D26E310CA00D7D060 /* ViewController.swift */,
				FF65324F26E310CA00D7D060 /* Main.storyboard */,
				FF65325226E310CB00D7D060 /* Assets.xcassets */,
				FF65325426E310CB00D7D060 /* LaunchScreen.storyboard */,
				FF65325726E310CB00D7D060 /* Info.plist */,
				FF65328626E31DCD00D7D060 /* Extension.swift */,
			);
			path = booking;
			sourceTree = "<group>";
		};
		FF65325F26E310CB00D7D060 /* bookingTests */ = {
			isa = PBXGroup;
			children = (
				FF65326026E310CB00D7D060 /* bookingTests.swift */,
				FF65326226E310CB00D7D060 /* Info.plist */,
			);
			path = bookingTests;
			sourceTree = "<group>";
		};
		FF65326A26E310CB00D7D060 /* bookingUITests */ = {
			isa = PBXGroup;
			children = (
				FF65326B26E310CB00D7D060 /* bookingUITests.swift */,
				FF65326D26E310CB00D7D060 /* Info.plist */,
			);
			path = bookingUITests;
			sourceTree = "<group>";
		};
		FF65327926E3141A00D7D060 /* presenter */ = {
			isa = PBXGroup;
			children = (
				FF65327C26E314A600D7D060 /* SelectSeatPresenter.swift */,
			);
			path = presenter;
			sourceTree = "<group>";
		};
		FF65327A26E3142800D7D060 /* view */ = {
			isa = PBXGroup;
			children = (
				FF65327E26E314B900D7D060 /* SelectSeatViewController.swift */,
			);
			path = view;
			sourceTree = "<group>";
		};
		FF65327B26E3143600D7D060 /* interactor */ = {
			isa = PBXGroup;
			children = (
				FF65328026E314C700D7D060 /* SelectSeatInteractor.swift */,
			);
			path = interactor;
			sourceTree = "<group>";
		};
		FF65328826E31FC900D7D060 /* manager */ = {
			isa = PBXGroup;
			children = (
				FF65328926E31FDE00D7D060 /* BookingManager.swift */,
				FF65328B26E3204400D7D060 /* APIClient.swift */,
			);
			path = manager;
			sourceTree = "<group>";
		};
		FF65328D26E324B200D7D060 /* model */ = {
			isa = PBXGroup;
			children = (
				FF65328426E316A600D7D060 /* SeatModel.swift */,
				FF65328F26E324E900D7D060 /* TheaterModel.swift */,
			);
			path = model;
			sourceTree = "<group>";
		};
		FF65328E26E324C100D7D060 /* protocol */ = {
			isa = PBXGroup;
			children = (
				FF65328226E314EB00D7D060 /* SelectSeatProtocol.swift */,
			);
			path = protocol;
			sourceTree = "<group>";
		};
		FF65329126E356E200D7D060 /* builder */ = {
			isa = PBXGroup;
			children = (
				FF65329226E356FF00D7D060 /* SelectSeatBuilder.swift */,
			);
			path = builder;
			sourceTree = "<group>";
		};
		FF65329426E35BB700D7D060 /* component */ = {
			isa = PBXGroup;
			children = (
				FF65329526E35BC900D7D060 /* SeatView.swift */,
			);
			path = component;
			sourceTree = "<group>";
		};
/* End PBXGroup section */

/* Begin PBXNativeTarget section */
		FF65324526E310CA00D7D060 /* booking */ = {
			isa = PBXNativeTarget;
			buildConfigurationList = FF65327026E310CB00D7D060 /* Build configuration list for PBXNativeTarget "booking" */;
			buildPhases = (
				73DBBF3A18CFF42D8DC3D4E0 /* [CP] Check Pods Manifest.lock */,
				FF65324226E310CA00D7D060 /* Sources */,
				FF65324326E310CA00D7D060 /* Frameworks */,
				FF65324426E310CA00D7D060 /* Resources */,
				191B4A24E8DA9491728155E5 /* [CP] Embed Pods Frameworks */,
			);
			buildRules = (
			);
			dependencies = (
			);
			name = booking;
			productName = booking;
			productReference = FF65324626E310CA00D7D060 /* booking.app */;
			productType = "com.apple.product-type.application";
		};
		FF65325B26E310CB00D7D060 /* bookingTests */ = {
			isa = PBXNativeTarget;
			buildConfigurationList = FF65327326E310CB00D7D060 /* Build configuration list for PBXNativeTarget "bookingTests" */;
			buildPhases = (
				2BEF70AE5AE62B7B90FE541E /* [CP] Check Pods Manifest.lock */,
				FF65325826E310CB00D7D060 /* Sources */,
				FF65325926E310CB00D7D060 /* Frameworks */,
				FF65325A26E310CB00D7D060 /* Resources */,
				34B15230BA235E69A51D32C1 /* [CP] Embed Pods Frameworks */,
			);
			buildRules = (
			);
			dependencies = (
				FF65325E26E310CB00D7D060 /* PBXTargetDependency */,
			);
			name = bookingTests;
			productName = bookingTests;
			productReference = FF65325C26E310CB00D7D060 /* bookingTests.xctest */;
			productType = "com.apple.product-type.bundle.unit-test";
		};
		FF65326626E310CB00D7D060 /* bookingUITests */ = {
			isa = PBXNativeTarget;
			buildConfigurationList = FF65327626E310CB00D7D060 /* Build configuration list for PBXNativeTarget "bookingUITests" */;
			buildPhases = (
				FF65326326E310CB00D7D060 /* Sources */,
				FF65326426E310CB00D7D060 /* Frameworks */,
				FF65326526E310CB00D7D060 /* Resources */,
			);
			buildRules = (
			);
			dependencies = (
				FF65326926E310CB00D7D060 /* PBXTargetDependency */,
			);
			name = bookingUITests;
			productName = bookingUITests;
			productReference = FF65326726E310CB00D7D060 /* bookingUITests.xctest */;
			productType = "com.apple.product-type.bundle.ui-testing";
		};
/* End PBXNativeTarget section */

/* Begin PBXProject section */
		FF65323E26E310CA00D7D060 /* Project object */ = {
			isa = PBXProject;
			attributes = {
				LastSwiftUpdateCheck = 1250;
				LastUpgradeCheck = 1250;
				TargetAttributes = {
					FF65324526E310CA00D7D060 = {
						CreatedOnToolsVersion = 12.5;
					};
					FF65325B26E310CB00D7D060 = {
						CreatedOnToolsVersion = 12.5;
						TestTargetID = FF65324526E310CA00D7D060;
					};
					FF65326626E310CB00D7D060 = {
						CreatedOnToolsVersion = 12.5;
						TestTargetID = FF65324526E310CA00D7D060;
					};
				};
			};
			buildConfigurationList = FF65324126E310CA00D7D060 /* Build configuration list for PBXProject "booking" */;
			compatibilityVersion = "Xcode 9.3";
			developmentRegion = en;
			hasScannedForEncodings = 0;
			knownRegions = (
				en,
				Base,
			);
			mainGroup = FF65323D26E310CA00D7D060;
			productRefGroup = FF65324726E310CA00D7D060 /* Products */;
			projectDirPath = "";
			projectRoot = "";
			targets = (
				FF65324526E310CA00D7D060 /* booking */,
				FF65325B26E310CB00D7D060 /* bookingTests */,
				FF65326626E310CB00D7D060 /* bookingUITests */,
			);
		};
/* End PBXProject section */

/* Begin PBXResourcesBuildPhase section */
		FF65324426E310CA00D7D060 /* Resources */ = {
			isa = PBXResourcesBuildPhase;
			buildActionMask = 2147483647;
			files = (
				FF65325626E310CB00D7D060 /* LaunchScreen.storyboard in Resources */,
				FF65325326E310CB00D7D060 /* Assets.xcassets in Resources */,
				FF65325126E310CA00D7D060 /* Main.storyboard in Resources */,
			);
			runOnlyForDeploymentPostprocessing = 0;
		};
		FF65325A26E310CB00D7D060 /* Resources */ = {
			isa = PBXResourcesBuildPhase;
			buildActionMask = 2147483647;
			files = (
			);
			runOnlyForDeploymentPostprocessing = 0;
		};
		FF65326526E310CB00D7D060 /* Resources */ = {
			isa = PBXResourcesBuildPhase;
			buildActionMask = 2147483647;
			files = (
			);
			runOnlyForDeploymentPostprocessing = 0;
		};
/* End PBXResourcesBuildPhase section */

/* Begin PBXShellScriptBuildPhase section */
		191B4A24E8DA9491728155E5 /* [CP] Embed Pods Frameworks */ = {
			isa = PBXShellScriptBuildPhase;
			buildActionMask = 2147483647;
			files = (
			);
			inputFileListPaths = (
				"${PODS_ROOT}/Target Support Files/Pods-booking/Pods-booking-frameworks-${CONFIGURATION}-input-files.xcfilelist",
			);
			name = "[CP] Embed Pods Frameworks";
			outputFileListPaths = (
				"${PODS_ROOT}/Target Support Files/Pods-booking/Pods-booking-frameworks-${CONFIGURATION}-output-files.xcfilelist",
			);
			runOnlyForDeploymentPostprocessing = 0;
			shellPath = /bin/sh;
			shellScript = "\"${PODS_ROOT}/Target Support Files/Pods-booking/Pods-booking-frameworks.sh\"\n";
			showEnvVarsInLog = 0;
		};
		2BEF70AE5AE62B7B90FE541E /* [CP] Check Pods Manifest.lock */ = {
			isa = PBXShellScriptBuildPhase;
			buildActionMask = 2147483647;
			files = (
			);
			inputFileListPaths = (
			);
			inputPaths = (
				"${PODS_PODFILE_DIR_PATH}/Podfile.lock",
				"${PODS_ROOT}/Manifest.lock",
			);
			name = "[CP] Check Pods Manifest.lock";
			outputFileListPaths = (
			);
			outputPaths = (
				"$(DERIVED_FILE_DIR)/Pods-bookingTests-checkManifestLockResult.txt",
			);
			runOnlyForDeploymentPostprocessing = 0;
			shellPath = /bin/sh;
			shellScript = "diff \"${PODS_PODFILE_DIR_PATH}/Podfile.lock\" \"${PODS_ROOT}/Manifest.lock\" > /dev/null\nif [ $? != 0 ] ; then\n    # print error to STDERR\n    echo \"error: The sandbox is not in sync with the Podfile.lock. Run 'pod install' or update your CocoaPods installation.\" >&2\n    exit 1\nfi\n# This output is used by Xcode 'outputs' to avoid re-running this script phase.\necho \"SUCCESS\" > \"${SCRIPT_OUTPUT_FILE_0}\"\n";
			showEnvVarsInLog = 0;
		};
		34B15230BA235E69A51D32C1 /* [CP] Embed Pods Frameworks */ = {
			isa = PBXShellScriptBuildPhase;
			buildActionMask = 2147483647;
			files = (
			);
			inputFileListPaths = (
				"${PODS_ROOT}/Target Support Files/Pods-bookingTests/Pods-bookingTests-frameworks-${CONFIGURATION}-input-files.xcfilelist",
			);
			name = "[CP] Embed Pods Frameworks";
			outputFileListPaths = (
				"${PODS_ROOT}/Target Support Files/Pods-bookingTests/Pods-bookingTests-frameworks-${CONFIGURATION}-output-files.xcfilelist",
			);
			runOnlyForDeploymentPostprocessing = 0;
			shellPath = /bin/sh;
			shellScript = "\"${PODS_ROOT}/Target Support Files/Pods-bookingTests/Pods-bookingTests-frameworks.sh\"\n";
			showEnvVarsInLog = 0;
		};
		73DBBF3A18CFF42D8DC3D4E0 /* [CP] Check Pods Manifest.lock */ = {
			isa = PBXShellScriptBuildPhase;
			buildActionMask = 2147483647;
			files = (
			);
			inputFileListPaths = (
			);
			inputPaths = (
				"${PODS_PODFILE_DIR_PATH}/Podfile.lock",
				"${PODS_ROOT}/Manifest.lock",
			);
			name = "[CP] Check Pods Manifest.lock";
			outputFileListPaths = (
			);
			outputPaths = (
				"$(DERIVED_FILE_DIR)/Pods-booking-checkManifestLockResult.txt",
			);
			runOnlyForDeploymentPostprocessing = 0;
			shellPath = /bin/sh;
			shellScript = "diff \"${PODS_PODFILE_DIR_PATH}/Podfile.lock\" \"${PODS_ROOT}/Manifest.lock\" > /dev/null\nif [ $? != 0 ] ; then\n    # print error to STDERR\n    echo \"error: The sandbox is not in sync with the Podfile.lock. Run 'pod install' or update your CocoaPods installation.\" >&2\n    exit 1\nfi\n# This output is used by Xcode 'outputs' to avoid re-running this script phase.\necho \"SUCCESS\" > \"${SCRIPT_OUTPUT_FILE_0}\"\n";
			showEnvVarsInLog = 0;
		};
/* End PBXShellScriptBuildPhase section */

/* Begin PBXSourcesBuildPhase section */
		FF65324226E310CA00D7D060 /* Sources */ = {
			isa = PBXSourcesBuildPhase;
			buildActionMask = 2147483647;
			files = (
				FF65329326E356FF00D7D060 /* SelectSeatBuilder.swift in Sources */,
				FF65328726E31DCD00D7D060 /* Extension.swift in Sources */,
				FF65328526E316A600D7D060 /* SeatModel.swift in Sources */,
				FF65327F26E314B900D7D060 /* SelectSeatViewController.swift in Sources */,
				FF65328A26E31FDE00D7D060 /* BookingManager.swift in Sources */,
				FF65328126E314C700D7D060 /* SelectSeatInteractor.swift in Sources */,
				FF65328C26E3204400D7D060 /* APIClient.swift in Sources */,
				FF65324E26E310CA00D7D060 /* ViewController.swift in Sources */,
				FF65329026E324E900D7D060 /* TheaterModel.swift in Sources */,
				FF65327D26E314A600D7D060 /* SelectSeatPresenter.swift in Sources */,
				FF65328326E314EB00D7D060 /* SelectSeatProtocol.swift in Sources */,
				FF65329626E35BC900D7D060 /* SeatView.swift in Sources */,
				FF65324A26E310CA00D7D060 /* AppDelegate.swift in Sources */,
				FF65324C26E310CA00D7D060 /* SceneDelegate.swift in Sources */,
			);
			runOnlyForDeploymentPostprocessing = 0;
		};
		FF65325826E310CB00D7D060 /* Sources */ = {
			isa = PBXSourcesBuildPhase;
			buildActionMask = 2147483647;
			files = (
				FF65326126E310CB00D7D060 /* bookingTests.swift in Sources */,
			);
			runOnlyForDeploymentPostprocessing = 0;
		};
		FF65326326E310CB00D7D060 /* Sources */ = {
			isa = PBXSourcesBuildPhase;
			buildActionMask = 2147483647;
			files = (
				FF65326C26E310CB00D7D060 /* bookingUITests.swift in Sources */,
			);
			runOnlyForDeploymentPostprocessing = 0;
		};
/* End PBXSourcesBuildPhase section */

/* Begin PBXTargetDependency section */
		FF65325E26E310CB00D7D060 /* PBXTargetDependency */ = {
			isa = PBXTargetDependency;
			target = FF65324526E310CA00D7D060 /* booking */;
			targetProxy = FF65325D26E310CB00D7D060 /* PBXContainerItemProxy */;
		};
		FF65326926E310CB00D7D060 /* PBXTargetDependency */ = {
			isa = PBXTargetDependency;
			target = FF65324526E310CA00D7D060 /* booking */;
			targetProxy = FF65326826E310CB00D7D060 /* PBXContainerItemProxy */;
		};
/* End PBXTargetDependency section */

/* Begin PBXVariantGroup section */
		FF65324F26E310CA00D7D060 /* Main.storyboard */ = {
			isa = PBXVariantGroup;
			children = (
				FF65325026E310CA00D7D060 /* Base */,
			);
			name = Main.storyboard;
			sourceTree = "<group>";
		};
		FF65325426E310CB00D7D060 /* LaunchScreen.storyboard */ = {
			isa = PBXVariantGroup;
			children = (
				FF65325526E310CB00D7D060 /* Base */,
			);
			name = LaunchScreen.storyboard;
			sourceTree = "<group>";
		};
/* End PBXVariantGroup section */

/* Begin XCBuildConfiguration section */
		FF65326E26E310CB00D7D060 /* Debug */ = {
			isa = XCBuildConfiguration;
			buildSettings = {
				ALWAYS_SEARCH_USER_PATHS = NO;
				CLANG_ANALYZER_NONNULL = YES;
				CLANG_ANALYZER_NUMBER_OBJECT_CONVERSION = YES_AGGRESSIVE;
				CLANG_CXX_LANGUAGE_STANDARD = "gnu++14";
				CLANG_CXX_LIBRARY = "libc++";
				CLANG_ENABLE_MODULES = YES;
				CLANG_ENABLE_OBJC_ARC = YES;
				CLANG_ENABLE_OBJC_WEAK = YES;
				CLANG_WARN_BLOCK_CAPTURE_AUTORELEASING = YES;
				CLANG_WARN_BOOL_CONVERSION = YES;
				CLANG_WARN_COMMA = YES;
				CLANG_WARN_CONSTANT_CONVERSION = YES;
				CLANG_WARN_DEPRECATED_OBJC_IMPLEMENTATIONS = YES;
				CLANG_WARN_DIRECT_OBJC_ISA_USAGE = YES_ERROR;
				CLANG_WARN_DOCUMENTATION_COMMENTS = YES;
				CLANG_WARN_EMPTY_BODY = YES;
				CLANG_WARN_ENUM_CONVERSION = YES;
				CLANG_WARN_INFINITE_RECURSION = YES;
				CLANG_WARN_INT_CONVERSION = YES;
				CLANG_WARN_NON_LITERAL_NULL_CONVERSION = YES;
				CLANG_WARN_OBJC_IMPLICIT_RETAIN_SELF = YES;
				CLANG_WARN_OBJC_LITERAL_CONVERSION = YES;
				CLANG_WARN_OBJC_ROOT_CLASS = YES_ERROR;
				CLANG_WARN_QUOTED_INCLUDE_IN_FRAMEWORK_HEADER = YES;
				CLANG_WARN_RANGE_LOOP_ANALYSIS = YES;
				CLANG_WARN_STRICT_PROTOTYPES = YES;
				CLANG_WARN_SUSPICIOUS_MOVE = YES;
				CLANG_WARN_UNGUARDED_AVAILABILITY = YES_AGGRESSIVE;
				CLANG_WARN_UNREACHABLE_CODE = YES;
				CLANG_WARN__DUPLICATE_METHOD_MATCH = YES;
				COPY_PHASE_STRIP = NO;
				DEBUG_INFORMATION_FORMAT = dwarf;
				ENABLE_STRICT_OBJC_MSGSEND = YES;
				ENABLE_TESTABILITY = YES;
				GCC_C_LANGUAGE_STANDARD = gnu11;
				GCC_DYNAMIC_NO_PIC = NO;
				GCC_NO_COMMON_BLOCKS = YES;
				GCC_OPTIMIZATION_LEVEL = 0;
				GCC_PREPROCESSOR_DEFINITIONS = (
					"DEBUG=1",
					"$(inherited)",
				);
				GCC_WARN_64_TO_32_BIT_CONVERSION = YES;
				GCC_WARN_ABOUT_RETURN_TYPE = YES_ERROR;
				GCC_WARN_UNDECLARED_SELECTOR = YES;
				GCC_WARN_UNINITIALIZED_AUTOS = YES_AGGRESSIVE;
				GCC_WARN_UNUSED_FUNCTION = YES;
				GCC_WARN_UNUSED_VARIABLE = YES;
				IPHONEOS_DEPLOYMENT_TARGET = 14.5;
				MTL_ENABLE_DEBUG_INFO = INCLUDE_SOURCE;
				MTL_FAST_MATH = YES;
				ONLY_ACTIVE_ARCH = YES;
				SDKROOT = iphoneos;
				SWIFT_ACTIVE_COMPILATION_CONDITIONS = DEBUG;
				SWIFT_OPTIMIZATION_LEVEL = "-Onone";
			};
			name = Debug;
		};
		FF65326F26E310CB00D7D060 /* Release */ = {
			isa = XCBuildConfiguration;
			buildSettings = {
				ALWAYS_SEARCH_USER_PATHS = NO;
				CLANG_ANALYZER_NONNULL = YES;
				CLANG_ANALYZER_NUMBER_OBJECT_CONVERSION = YES_AGGRESSIVE;
				CLANG_CXX_LANGUAGE_STANDARD = "gnu++14";
				CLANG_CXX_LIBRARY = "libc++";
				CLANG_ENABLE_MODULES = YES;
				CLANG_ENABLE_OBJC_ARC = YES;
				CLANG_ENABLE_OBJC_WEAK = YES;
				CLANG_WARN_BLOCK_CAPTURE_AUTORELEASING = YES;
				CLANG_WARN_BOOL_CONVERSION = YES;
				CLANG_WARN_COMMA = YES;
				CLANG_WARN_CONSTANT_CONVERSION = YES;
				CLANG_WARN_DEPRECATED_OBJC_IMPLEMENTATIONS = YES;
				CLANG_WARN_DIRECT_OBJC_ISA_USAGE = YES_ERROR;
				CLANG_WARN_DOCUMENTATION_COMMENTS = YES;
				CLANG_WARN_EMPTY_BODY = YES;
				CLANG_WARN_ENUM_CONVERSION = YES;
				CLANG_WARN_INFINITE_RECURSION = YES;
				CLANG_WARN_INT_CONVERSION = YES;
				CLANG_WARN_NON_LITERAL_NULL_CONVERSION = YES;
				CLANG_WARN_OBJC_IMPLICIT_RETAIN_SELF = YES;
				CLANG_WARN_OBJC_LITERAL_CONVERSION = YES;
				CLANG_WARN_OBJC_ROOT_CLASS = YES_ERROR;
				CLANG_WARN_QUOTED_INCLUDE_IN_FRAMEWORK_HEADER = YES;
				CLANG_WARN_RANGE_LOOP_ANALYSIS = YES;
				CLANG_WARN_STRICT_PROTOTYPES = YES;
				CLANG_WARN_SUSPICIOUS_MOVE = YES;
				CLANG_WARN_UNGUARDED_AVAILABILITY = YES_AGGRESSIVE;
				CLANG_WARN_UNREACHABLE_CODE = YES;
				CLANG_WARN__DUPLICATE_METHOD_MATCH = YES;
				COPY_PHASE_STRIP = NO;
				DEBUG_INFORMATION_FORMAT = "dwarf-with-dsym";
				ENABLE_NS_ASSERTIONS = NO;
				ENABLE_STRICT_OBJC_MSGSEND = YES;
				GCC_C_LANGUAGE_STANDARD = gnu11;
				GCC_NO_COMMON_BLOCKS = YES;
				GCC_WARN_64_TO_32_BIT_CONVERSION = YES;
				GCC_WARN_ABOUT_RETURN_TYPE = YES_ERROR;
				GCC_WARN_UNDECLARED_SELECTOR = YES;
				GCC_WARN_UNINITIALIZED_AUTOS = YES_AGGRESSIVE;
				GCC_WARN_UNUSED_FUNCTION = YES;
				GCC_WARN_UNUSED_VARIABLE = YES;
				IPHONEOS_DEPLOYMENT_TARGET = 14.5;
				MTL_ENABLE_DEBUG_INFO = NO;
				MTL_FAST_MATH = YES;
				SDKROOT = iphoneos;
				SWIFT_COMPILATION_MODE = wholemodule;
				SWIFT_OPTIMIZATION_LEVEL = "-O";
				VALIDATE_PRODUCT = YES;
			};
			name = Release;
		};
		FF65327126E310CB00D7D060 /* Debug */ = {
			isa = XCBuildConfiguration;
			baseConfigurationReference = 0EF88A8BFB5086D9769262E4 /* Pods-booking.debug.xcconfig */;
			buildSettings = {
				ASSETCATALOG_COMPILER_APPICON_NAME = AppIcon;
				ASSETCATALOG_COMPILER_GLOBAL_ACCENT_COLOR_NAME = AccentColor;
				CODE_SIGN_STYLE = Automatic;
				DEVELOPMENT_TEAM = SJXSL75S29;
				INFOPLIST_FILE = booking/Info.plist;
				LD_RUNPATH_SEARCH_PATHS = (
					"$(inherited)",
					"@executable_path/Frameworks",
				);
				PRODUCT_BUNDLE_IDENTIFIER = com.alidiep.booking;
				PRODUCT_NAME = "$(TARGET_NAME)";
				SWIFT_VERSION = 5.0;
				TARGETED_DEVICE_FAMILY = "1,2";
			};
			name = Debug;
		};
		FF65327226E310CB00D7D060 /* Release */ = {
			isa = XCBuildConfiguration;
			baseConfigurationReference = C8873BC7FCE90A1B6FF0C37B /* Pods-booking.release.xcconfig */;
			buildSettings = {
				ASSETCATALOG_COMPILER_APPICON_NAME = AppIcon;
				ASSETCATALOG_COMPILER_GLOBAL_ACCENT_COLOR_NAME = AccentColor;
				CODE_SIGN_STYLE = Automatic;
				DEVELOPMENT_TEAM = SJXSL75S29;
				INFOPLIST_FILE = booking/Info.plist;
				LD_RUNPATH_SEARCH_PATHS = (
					"$(inherited)",
					"@executable_path/Frameworks",
				);
				PRODUCT_BUNDLE_IDENTIFIER = com.alidiep.booking;
				PRODUCT_NAME = "$(TARGET_NAME)";
				SWIFT_VERSION = 5.0;
				TARGETED_DEVICE_FAMILY = "1,2";
			};
			name = Release;
		};
		FF65327426E310CB00D7D060 /* Debug */ = {
			isa = XCBuildConfiguration;
			baseConfigurationReference = A589CE9353C919B70C252AD6 /* Pods-bookingTests.debug.xcconfig */;
			buildSettings = {
				ALWAYS_EMBED_SWIFT_STANDARD_LIBRARIES = YES;
				BUNDLE_LOADER = "$(TEST_HOST)";
				CODE_SIGN_STYLE = Automatic;
				DEVELOPMENT_TEAM = SJXSL75S29;
				INFOPLIST_FILE = bookingTests/Info.plist;
				IPHONEOS_DEPLOYMENT_TARGET = 14.5;
				LD_RUNPATH_SEARCH_PATHS = (
					"$(inherited)",
					"@executable_path/Frameworks",
					"@loader_path/Frameworks",
				);
				PRODUCT_BUNDLE_IDENTIFIER = com.alidiep.bookingTests;
				PRODUCT_NAME = "$(TARGET_NAME)";
				SWIFT_VERSION = 5.0;
				TARGETED_DEVICE_FAMILY = "1,2";
				TEST_HOST = "$(BUILT_PRODUCTS_DIR)/booking.app/booking";
			};
			name = Debug;
		};
		FF65327526E310CB00D7D060 /* Release */ = {
			isa = XCBuildConfiguration;
			baseConfigurationReference = 2D530027314FD8DC66CB174C /* Pods-bookingTests.release.xcconfig */;
			buildSettings = {
				ALWAYS_EMBED_SWIFT_STANDARD_LIBRARIES = YES;
				BUNDLE_LOADER = "$(TEST_HOST)";
				CODE_SIGN_STYLE = Automatic;
				DEVELOPMENT_TEAM = SJXSL75S29;
				INFOPLIST_FILE = bookingTests/Info.plist;
				IPHONEOS_DEPLOYMENT_TARGET = 14.5;
				LD_RUNPATH_SEARCH_PATHS = (
					"$(inherited)",
					"@executable_path/Frameworks",
					"@loader_path/Frameworks",
				);
				PRODUCT_BUNDLE_IDENTIFIER = com.alidiep.bookingTests;
				PRODUCT_NAME = "$(TARGET_NAME)";
				SWIFT_VERSION = 5.0;
				TARGETED_DEVICE_FAMILY = "1,2";
				TEST_HOST = "$(BUILT_PRODUCTS_DIR)/booking.app/booking";
			};
			name = Release;
		};
		FF65327726E310CB00D7D060 /* Debug */ = {
			isa = XCBuildConfiguration;
			buildSettings = {
				ALWAYS_EMBED_SWIFT_STANDARD_LIBRARIES = YES;
				CODE_SIGN_STYLE = Automatic;
				DEVELOPMENT_TEAM = SJXSL75S29;
				INFOPLIST_FILE = bookingUITests/Info.plist;
				LD_RUNPATH_SEARCH_PATHS = (
					"$(inherited)",
					"@executable_path/Frameworks",
					"@loader_path/Frameworks",
				);
				PRODUCT_BUNDLE_IDENTIFIER = com.alidiep.bookingUITests;
				PRODUCT_NAME = "$(TARGET_NAME)";
				SWIFT_VERSION = 5.0;
				TARGETED_DEVICE_FAMILY = "1,2";
				TEST_TARGET_NAME = booking;
			};
			name = Debug;
		};
		FF65327826E310CB00D7D060 /* Release */ = {
			isa = XCBuildConfiguration;
			buildSettings = {
				ALWAYS_EMBED_SWIFT_STANDARD_LIBRARIES = YES;
				CODE_SIGN_STYLE = Automatic;
				DEVELOPMENT_TEAM = SJXSL75S29;
				INFOPLIST_FILE = bookingUITests/Info.plist;
				LD_RUNPATH_SEARCH_PATHS = (
					"$(inherited)",
					"@executable_path/Frameworks",
					"@loader_path/Frameworks",
				);
				PRODUCT_BUNDLE_IDENTIFIER = com.alidiep.bookingUITests;
				PRODUCT_NAME = "$(TARGET_NAME)";
				SWIFT_VERSION = 5.0;
				TARGETED_DEVICE_FAMILY = "1,2";
				TEST_TARGET_NAME = booking;
			};
			name = Release;
		};
/* End XCBuildConfiguration section */

/* Begin XCConfigurationList section */
		FF65324126E310CA00D7D060 /* Build configuration list for PBXProject "booking" */ = {
			isa = XCConfigurationList;
			buildConfigurations = (
				FF65326E26E310CB00D7D060 /* Debug */,
				FF65326F26E310CB00D7D060 /* Release */,
			);
			defaultConfigurationIsVisible = 0;
			defaultConfigurationName = Release;
		};
		FF65327026E310CB00D7D060 /* Build configuration list for PBXNativeTarget "booking" */ = {
			isa = XCConfigurationList;
			buildConfigurations = (
				FF65327126E310CB00D7D060 /* Debug */,
				FF65327226E310CB00D7D060 /* Release */,
			);
			defaultConfigurationIsVisible = 0;
			defaultConfigurationName = Release;
		};
		FF65327326E310CB00D7D060 /* Build configuration list for PBXNativeTarget "bookingTests" */ = {
			isa = XCConfigurationList;
			buildConfigurations = (
				FF65327426E310CB00D7D060 /* Debug */,
				FF65327526E310CB00D7D060 /* Release */,
			);
			defaultConfigurationIsVisible = 0;
			defaultConfigurationName = Release;
		};
		FF65327626E310CB00D7D060 /* Build configuration list for PBXNativeTarget "bookingUITests" */ = {
			isa = XCConfigurationList;
			buildConfigurations = (
				FF65327726E310CB00D7D060 /* Debug */,
				FF65327826E310CB00D7D060 /* Release */,
			);
			defaultConfigurationIsVisible = 0;
			defaultConfigurationName = Release;
		};
/* End XCConfigurationList section */
	};
	rootObject = FF65323E26E310CA00D7D060 /* Project object */;
}
